
Microsoft Visual Studio Solution File, Format Version 12.00
# Visual Studio 15
VisualStudioVersion = 15.0.27428.2037
MinimumVisualStudioVersion = 10.0.40219.1
Project("{FAE04EC0-301F-11D3-BF4B-00C04F79EFBC}") = "Specflow", "Specflow\Specflow.csproj", "{F6940FD7-7703-4B3A-B124-73CBFA72FEDB}"
EndProject
Global
	GlobalSection(SolutionConfigurationPlatforms) = preSolution
		Debug|Any CPU = Debug|Any CPU
		Release|Any CPU = Release|Any CPU
	EndGlobalSection
	GlobalSection(ProjectConfigurationPlatforms) = postSolution
		{F6940FD7-7703-4B3A-B124-73CBFA72FEDB}.Debug|Any CPU.ActiveCfg = Debug|Any CPU
		{F6940FD7-7703-4B3A-B124-73CBFA72FEDB}.Debug|Any CPU.Build.0 = Debug|Any CPU
		{F6940FD7-7703-4B3A-B124-73CBFA72FEDB}.Release|Any CPU.ActiveCfg = Release|Any CPU
		{F6940FD7-7703-4B3A-B124-73CBFA72FEDB}.Release|Any CPU.Build.0 = Release|Any CPU
	EndGlobalSection
	GlobalSection(SolutionProperties) = preSolution
		HideSolutionNode = FALSE
	EndGlobalSection
	GlobalSection(ExtensibilityGlobals) = postSolution
		SolutionGuid = {E545D8AF-75CB-420C-8C29-B7B852AD7D16}
	EndGlobalSection
EndGlobal
