
Microsoft Visual Studio Solution File, Format Version 12.00
# Visual Studio 15
VisualStudioVersion = 15.0.27130.0
MinimumVisualStudioVersion = 10.0.40219.1
Project("{FAE04EC0-301F-11D3-BF4B-00C04F79EFBC}") = "SpecflowBinding", "SpecflowBinding\SpecflowBinding.csproj", "{96EEEDE6-DE45-4E89-9D07-4740B6877269}"
EndProject
Global
	GlobalSection(SolutionConfigurationPlatforms) = preSolution
		Debug|Any CPU = Debug|Any CPU
		Release|Any CPU = Release|Any CPU
	EndGlobalSection
	GlobalSection(ProjectConfigurationPlatforms) = postSolution
		{96EEEDE6-DE45-4E89-9D07-4740B6877269}.Debug|Any CPU.ActiveCfg = Debug|Any CPU
		{96EEEDE6-DE45-4E89-9D07-4740B6877269}.Debug|Any CPU.Build.0 = Debug|Any CPU
		{96EEEDE6-DE45-4E89-9D07-4740B6877269}.Release|Any CPU.ActiveCfg = Release|Any CPU
		{96EEEDE6-DE45-4E89-9D07-4740B6877269}.Release|Any CPU.Build.0 = Release|Any CPU
	EndGlobalSection
	GlobalSection(SolutionProperties) = preSolution
		HideSolutionNode = FALSE
	EndGlobalSection
	GlobalSection(ExtensibilityGlobals) = postSolution
		SolutionGuid = {2BA69CA5-29A6-4039-90D7-8DFF27974FD8}
	EndGlobalSection
EndGlobal
